{
    "_readme": [
        "This file locks the dependencies of your project to a known state",
        "Read more about it at https://getcomposer.org/doc/01-basic-usage.md#composer-lock-the-lock-file",
        "This file is @generated automatically"
    ],
    "content-hash": "7509a138ed4eb2c48c4ca171b5af0f62",
    "packages": [
        {
            "name": "enqueue/async-event-dispatcher",
            "version": "dev-master",
            "dist": {
                "type": "path",
                "url": "../dev/pkg/async-event-dispatcher",
                "reference": "bbcd8b51787e048afc9d68df1940fb3505822919",
                "shasum": null
            },
            "require": {
                "enqueue/psr-queue": "^0.5@dev",
                "php": ">=5.6",
                "symfony/event-dispatcher": "^2.8|^3"
            },
            "require-dev": {
                "enqueue/null": "^0.5@dev",
                "phpunit/phpunit": "~5.5",
                "symfony/config": "^2.8|^3",
                "symfony/dependency-injection": "^2.8|^3",
                "symfony/http-kernel": "^2.8|^3"
            },
            "suggest": {
                "symfony/dependency-injection": "^2.8|^3 If you'd like to use async event dispatcher container extension."
            },
            "type": "library",
            "extra": {
                "branch-alias": {
                    "dev-master": "0.5.x-dev"
                }
            },
            "autoload": {
                "psr-4": {
                    "Enqueue\\AsyncEventDispatcher\\": ""
                },
                "exclude-from-classmap": [
                    "/Tests/"
                ]
            },
            "license": [
                "MIT"
            ],
            "description": "Symfony async event dispathcer",
            "keywords": [
                "async event",
                "event dispatcher",
                "messaging",
                "queue"
            ]
        },
        {
            "name": "enqueue/fs",
            "version": "dev-master",
            "dist": {
                "type": "path",
                "url": "../dev/pkg/fs",
                "reference": "160f3f4f70d46b00dc919160208d8506d7e2f01b",
                "shasum": null
            },
            "require": {
                "enqueue/psr-queue": "^0.5@dev",
                "makasim/temp-file": "^0.2",
                "php": ">=5.6",
                "psr/log": "^1",
                "symfony/filesystem": "^2.8|^3"
            },
            "require-dev": {
                "enqueue/enqueue": "^0.5@dev",
                "enqueue/null": "^0.5@dev",
                "enqueue/test": "^0.5@dev",
                "phpunit/phpunit": "~5.5",
                "symfony/config": "^2.8|^3",
                "symfony/dependency-injection": "^2.8|^3"
            },
            "type": "library",
            "extra": {
                "branch-alias": {
                    "dev-master": "0.5.x-dev"
                }
            },
            "autoload": {
                "psr-4": {
                    "Enqueue\\Fs\\": ""
                },
                "exclude-from-classmap": [
                    "/Tests/"
                ]
            },
            "license": [
                "MIT"
            ],
            "description": "Enqueue Filesystem based transport",
            "keywords": [
                "filesystem",
                "local",
                "messaging",
                "queue"
            ]
        },
        {
            "name": "enqueue/psr-queue",
            "version": "0.5.0",
            "source": {
                "type": "git",
                "url": "https://github.com/php-enqueue/psr-queue.git",
                "reference": "9aeb6b3d566b49f95211feddc02ce36deaad7b30"
            },
            "dist": {
                "type": "zip",
                "url": "https://api.github.com/repos/php-enqueue/psr-queue/zipball/9aeb6b3d566b49f95211feddc02ce36deaad7b30",
                "reference": "9aeb6b3d566b49f95211feddc02ce36deaad7b30",
                "shasum": ""
            },
            "require": {
                "php": ">=5.6"
            },
            "require-dev": {
                "enqueue/test": "^0.5@dev",
                "phpunit/phpunit": "~5.5"
            },
            "type": "library",
            "extra": {
                "branch-alias": {
                    "dev-master": "0.5.x-dev"
                }
            },
            "autoload": {
                "psr-4": {
                    "Enqueue\\Psr\\": ""
                },
                "exclude-from-classmap": [
                    "/Tests/"
                ]
            },
            "notification-url": "https://packagist.org/downloads/",
            "license": [
                "MIT"
            ],
            "description": "Enqueue Message Service (based on Java Message Service)",
            "keywords": [
                "java message service",
                "jms",
                "messaging",
                "queue"
            ],
            "time": "2017-06-23T17:35:51+00:00"
        },
        {
            "name": "makasim/temp-file",
            "version": "0.2.0",
            "source": {
                "type": "git",
                "url": "https://github.com/makasim/TempFile.git",
                "reference": "e9cfbfc61a23044aeb2fe0a3db49aeec2f84ca27"
            },
            "dist": {
                "type": "zip",
                "url": "https://api.github.com/repos/makasim/TempFile/zipball/e9cfbfc61a23044aeb2fe0a3db49aeec2f84ca27",
                "reference": "e9cfbfc61a23044aeb2fe0a3db49aeec2f84ca27",
                "shasum": ""
            },
            "require": {
                "php": ">=5.3.2"
            },
            "type": "library",
            "autoload": {
                "psr-0": {
                    "Makasim": "src/"
                }
            },
            "notification-url": "https://packagist.org/downloads/",
            "license": [
                "MIT"
            ],
            "authors": [
                {
                    "name": "Maksim Kotlyar",
                    "email": "kotlyar.maksim@gmail.com"
                }
            ],
            "description": "Temp file object",
            "homepage": "https://github.com/makasim/TempFile",
            "keywords": [
                "file",
                "temp",
                "temp file"
            ],
            "time": "2013-07-12T06:09:04+00:00"
        },
        {
            "name": "psr/log",
            "version": "1.0.2",
            "source": {
                "type": "git",
                "url": "https://github.com/php-fig/log.git",
                "reference": "4ebe3a8bf773a19edfe0a84b6585ba3d401b724d"
            },
            "dist": {
                "type": "zip",
                "url": "https://api.github.com/repos/php-fig/log/zipball/4ebe3a8bf773a19edfe0a84b6585ba3d401b724d",
                "reference": "4ebe3a8bf773a19edfe0a84b6585ba3d401b724d",
                "shasum": ""
            },
            "require": {
                "php": ">=5.3.0"
            },
            "type": "library",
            "extra": {
                "branch-alias": {
                    "dev-master": "1.0.x-dev"
                }
            },
            "autoload": {
                "psr-4": {
                    "Psr\\Log\\": "Psr/Log/"
                }
            },
            "notification-url": "https://packagist.org/downloads/",
            "license": [
                "MIT"
            ],
            "authors": [
                {
                    "name": "PHP-FIG",
                    "homepage": "http://www.php-fig.org/"
                }
            ],
            "description": "Common interface for logging libraries",
            "homepage": "https://github.com/php-fig/log",
            "keywords": [
                "log",
                "psr",
                "psr-3"
            ],
            "time": "2016-10-10T12:19:37+00:00"
        },
        {
            "name": "symfony/event-dispatcher",
            "version": "3.4.x-dev",
            "source": {
                "type": "git",
                "url": "https://github.com/symfony/event-dispatcher.git",
                "reference": "db08b1b2f9adb5d59a5e838d1577e73c418e05ed"
            },
            "dist": {
                "type": "zip",
                "url": "https://api.github.com/repos/symfony/event-dispatcher/zipball/db08b1b2f9adb5d59a5e838d1577e73c418e05ed",
                "reference": "db08b1b2f9adb5d59a5e838d1577e73c418e05ed",
                "shasum": ""
            },
            "require": {
                "php": ">=5.5.9"
            },
            "conflict": {
                "symfony/dependency-injection": "<3.3"
            },
            "require-dev": {
                "psr/log": "~1.0",
                "symfony/config": "~2.8|~3.0|~4.0",
                "symfony/dependency-injection": "~3.3|~4.0",
                "symfony/expression-language": "~2.8|~3.0|~4.0",
                "symfony/stopwatch": "~2.8|~3.0|~4.0"
            },
            "suggest": {
                "symfony/dependency-injection": "",
                "symfony/http-kernel": ""
            },
            "type": "library",
            "extra": {
                "branch-alias": {
                    "dev-master": "3.4-dev"
                }
            },
            "autoload": {
                "psr-4": {
                    "Symfony\\Component\\EventDispatcher\\": ""
                },
                "exclude-from-classmap": [
                    "/Tests/"
                ]
            },
            "notification-url": "https://packagist.org/downloads/",
            "license": [
                "MIT"
            ],
            "authors": [
                {
                    "name": "Fabien Potencier",
                    "email": "fabien@symfony.com"
                },
                {
                    "name": "Symfony Community",
                    "homepage": "https://symfony.com/contributors"
                }
            ],
            "description": "Symfony EventDispatcher Component",
            "homepage": "https://symfony.com",
            "time": "2017-06-12 16:03:21"
        },
        {
            "name": "symfony/filesystem",
            "version": "v3.3.3",
            "source": {
                "type": "git",
                "url": "https://github.com/symfony/filesystem.git",
                "reference": "311fa718389efbd8b627c272b9324a62437018cc"
            },
            "dist": {
                "type": "zip",
                "url": "https://api.github.com/repos/symfony/filesystem/zipball/311fa718389efbd8b627c272b9324a62437018cc",
                "reference": "311fa718389efbd8b627c272b9324a62437018cc",
                "shasum": ""
            },
            "require": {
                "php": ">=5.5.9"
            },
            "type": "library",
            "extra": {
                "branch-alias": {
                    "dev-master": "3.3-dev"
                }
            },
            "autoload": {
                "psr-4": {
                    "Symfony\\Component\\Filesystem\\": ""
                },
                "exclude-from-classmap": [
                    "/Tests/"
                ]
            },
            "notification-url": "https://packagist.org/downloads/",
            "license": [
                "MIT"
            ],
            "authors": [
                {
                    "name": "Fabien Potencier",
                    "email": "fabien@symfony.com"
                },
                {
                    "name": "Symfony Community",
                    "homepage": "https://symfony.com/contributors"
                }
            ],
            "description": "Symfony Filesystem Component",
            "homepage": "https://symfony.com",
            "time": "2017-06-24T09:29:48+00:00"
        }
    ],
    "packages-dev": [],
    "aliases": [],
    "minimum-stability": "stable",
    "stability-flags": {
        "symfony/event-dispatcher": 20,
        "enqueue/async-event-dispatcher": 20,
        "enqueue/fs": 20
    },
    "prefer-stable": false,
    "prefer-lowest": false,
    "platform": {
        "php": ">=5.5.9"
    },
    "platform-dev": []
}
